
Microsoft Visual Studio Solution File, Format Version 12.00
# Visual Studio Version 17
VisualStudioVersion = 17.9.34728.123
MinimumVisualStudioVersion = 10.0.40219.1
Project("{9A19103F-16F7-4668-BE54-9A1E7A4F7556}") = "VPKFILEPROCESSOR.SHARED", "VPKFILEPROCESSOR.SHARED\VPKFILEPROCESSOR.SHARED.csproj", "{5443CE00-C496-4BBD-8687-859D4A968822}"
EndProject
Project("{2150E333-8FDC-42A3-9474-1A3956D46DE8}") = "Solution Items", "Solution Items", "{FCA3C390-713B-4284-9EC8-FCCAEEB3ED83}"
	ProjectSection(SolutionItems) = preProject
		README.md = README.md
	EndProjectSection
EndProject
Project("{9A19103F-16F7-4668-BE54-9A1E7A4F7556}") = "VPKFILEPROCESSOR.BLAZORAPP", "VPKFILEPROCESSOR.BLAZORAPP\VPKFILEPROCESSOR.BLAZORAPP.csproj", "{CE4B2CB5-6805-45C2-8E93-9F2446885D98}"
EndProject
Project("{9A19103F-16F7-4668-BE54-9A1E7A4F7556}") = "VPKFILEPROCESSOR.FILEMANAGEMENTSERVICE", "VPKFILEPROCESSOR.FILEMANAGEMENTSERVICE\VPKFILEPROCESSOR.FILEMANAGEMENTSERVICE.csproj", "{AD09EDA1-06D0-4461-8726-2824E5C3BE0A}"
EndProject
Project("{9A19103F-16F7-4668-BE54-9A1E7A4F7556}") = "VPKFILEPROCESSOR.NOTIFICATIONSERVICE", "VPKFILEPROCESSOR.NOTIFICATIONSERVICE\VPKFILEPROCESSOR.NOTIFICATIONSERVICE.csproj", "{8094F15C-F718-45FF-ADF6-FFF02ADDB15E}"
EndProject
Project("{9A19103F-16F7-4668-BE54-9A1E7A4F7556}") = "VPKFILEPROCESSOR.PROCESSINGSERVICE", "VPKFILEPROCESSOR.PROCESSINGSERVICE\VPKFILEPROCESSOR.PROCESSINGSERVICE.csproj", "{48EF0143-8179-4F32-8E09-79F0EB6FC2D3}"
EndProject
Project("{2150E333-8FDC-42A3-9474-1A3956D46DE8}") = "VPKFILEPROCESSOR", "VPKFILEPROCESSOR", "{4B6F4BBC-B980-4C7C-A63E-5C53AD292EA6}"
EndProject
Project("{9A19103F-16F7-4668-BE54-9A1E7A4F7556}") = "VPKFILEPROCESSOR.FILEMANAGEMENTSERVICE.Tests", "VPKFILEPROCESSOR.TESTS\VPKFILEPROCESSOR.FILEMANAGEMENTSERVICE.Tests\VPKFILEPROCESSOR.FILEMANAGEMENTSERVICE.Tests.csproj", "{9F71DF90-376A-42AF-AE6A-4D551DC85091}"
EndProject
Project("{FAE04EC0-301F-11D3-BF4B-00C04F79EFBC}") = "VPKFILEPROCESSOR.AZFUNCFILEPROCESSOR", "VPKFILEPROCESSOR.AZFUNCFILEPROCESSOR\VPKFILEPROCESSOR.AZFUNCFILEPROCESSOR.csproj", "{7F0DF620-3470-4B0F-8B7B-8191C9064D5F}"
EndProject
Global
	GlobalSection(SolutionConfigurationPlatforms) = preSolution
		Debug|Any CPU = Debug|Any CPU
		Release|Any CPU = Release|Any CPU
	EndGlobalSection
	GlobalSection(ProjectConfigurationPlatforms) = postSolution
		{5443CE00-C496-4BBD-8687-859D4A968822}.Debug|Any CPU.ActiveCfg = Debug|Any CPU
		{5443CE00-C496-4BBD-8687-859D4A968822}.Debug|Any CPU.Build.0 = Debug|Any CPU
		{5443CE00-C496-4BBD-8687-859D4A968822}.Release|Any CPU.ActiveCfg = Release|Any CPU
		{5443CE00-C496-4BBD-8687-859D4A968822}.Release|Any CPU.Build.0 = Release|Any CPU
		{CE4B2CB5-6805-45C2-8E93-9F2446885D98}.Debug|Any CPU.ActiveCfg = Debug|Any CPU
		{CE4B2CB5-6805-45C2-8E93-9F2446885D98}.Debug|Any CPU.Build.0 = Debug|Any CPU
		{CE4B2CB5-6805-45C2-8E93-9F2446885D98}.Release|Any CPU.ActiveCfg = Release|Any CPU
		{CE4B2CB5-6805-45C2-8E93-9F2446885D98}.Release|Any CPU.Build.0 = Release|Any CPU
		{AD09EDA1-06D0-4461-8726-2824E5C3BE0A}.Debug|Any CPU.ActiveCfg = Debug|Any CPU
		{AD09EDA1-06D0-4461-8726-2824E5C3BE0A}.Debug|Any CPU.Build.0 = Debug|Any CPU
		{AD09EDA1-06D0-4461-8726-2824E5C3BE0A}.Release|Any CPU.ActiveCfg = Release|Any CPU
		{AD09EDA1-06D0-4461-8726-2824E5C3BE0A}.Release|Any CPU.Build.0 = Release|Any CPU
		{8094F15C-F718-45FF-ADF6-FFF02ADDB15E}.Debug|Any CPU.ActiveCfg = Debug|Any CPU
		{8094F15C-F718-45FF-ADF6-FFF02ADDB15E}.Debug|Any CPU.Build.0 = Debug|Any CPU
		{8094F15C-F718-45FF-ADF6-FFF02ADDB15E}.Release|Any CPU.ActiveCfg = Release|Any CPU
		{8094F15C-F718-45FF-ADF6-FFF02ADDB15E}.Release|Any CPU.Build.0 = Release|Any CPU
		{48EF0143-8179-4F32-8E09-79F0EB6FC2D3}.Debug|Any CPU.ActiveCfg = Debug|Any CPU
		{48EF0143-8179-4F32-8E09-79F0EB6FC2D3}.Debug|Any CPU.Build.0 = Debug|Any CPU
		{48EF0143-8179-4F32-8E09-79F0EB6FC2D3}.Release|Any CPU.ActiveCfg = Release|Any CPU
		{48EF0143-8179-4F32-8E09-79F0EB6FC2D3}.Release|Any CPU.Build.0 = Release|Any CPU
		{9F71DF90-376A-42AF-AE6A-4D551DC85091}.Debug|Any CPU.ActiveCfg = Debug|Any CPU
		{9F71DF90-376A-42AF-AE6A-4D551DC85091}.Debug|Any CPU.Build.0 = Debug|Any CPU
		{9F71DF90-376A-42AF-AE6A-4D551DC85091}.Release|Any CPU.ActiveCfg = Release|Any CPU
		{9F71DF90-376A-42AF-AE6A-4D551DC85091}.Release|Any CPU.Build.0 = Release|Any CPU
		{7F0DF620-3470-4B0F-8B7B-8191C9064D5F}.Debug|Any CPU.ActiveCfg = Debug|Any CPU
		{7F0DF620-3470-4B0F-8B7B-8191C9064D5F}.Debug|Any CPU.Build.0 = Debug|Any CPU
		{7F0DF620-3470-4B0F-8B7B-8191C9064D5F}.Release|Any CPU.ActiveCfg = Release|Any CPU
		{7F0DF620-3470-4B0F-8B7B-8191C9064D5F}.Release|Any CPU.Build.0 = Release|Any CPU
	EndGlobalSection
	GlobalSection(SolutionProperties) = preSolution
		HideSolutionNode = FALSE
	EndGlobalSection
	GlobalSection(NestedProjects) = preSolution
		{9F71DF90-376A-42AF-AE6A-4D551DC85091} = {4B6F4BBC-B980-4C7C-A63E-5C53AD292EA6}
	EndGlobalSection
	GlobalSection(ExtensibilityGlobals) = postSolution
		SolutionGuid = {2796ED1A-2825-4069-B360-264960FF63DF}
	EndGlobalSection
EndGlobal
