
Microsoft Visual Studio Solution File, Format Version 12.00
# Visual Studio Version 17
VisualStudioVersion = 17.9.34728.123
MinimumVisualStudioVersion = 10.0.40219.1
Project("{9A19103F-16F7-4668-BE54-9A1E7A4F7556}") = "VPKFILEPROCESSOR.SHARED", "VPKFILEPROCESSOR.SHARED\VPKFILEPROCESSOR.SHARED.csproj", "{5443CE00-C496-4BBD-8687-859D4A968822}"
EndProject
Project("{9A19103F-16F7-4668-BE54-9A1E7A4F7556}") = "VPKFILEPROCESSOR.BLAZORAPP", "VPKFILEPROCESSOR.BLAZORAPP\VPKFILEPROCESSOR.BLAZORAPP.csproj", "{CE4B2CB5-6805-45C2-8E93-9F2446885D98}"
EndProject
Project("{9A19103F-16F7-4668-BE54-9A1E7A4F7556}") = "VPKFILEPROCESSOR.FILEMANAGEMENTSERVICE", "VPKFILEPROCESSOR.FILEMANAGEMENTSERVICE\VPKFILEPROCESSOR.FILEMANAGEMENTSERVICE.csproj", "{AD09EDA1-06D0-4461-8726-2824E5C3BE0A}"
EndProject
Project("{9A19103F-16F7-4668-BE54-9A1E7A4F7556}") = "VPKFILEPROCESSOR.NOTIFICATIONSERVICE", "VPKFILEPROCESSOR.NOTIFICATIONSERVICE\VPKFILEPROCESSOR.NOTIFICATIONSERVICE.csproj", "{8094F15C-F718-45FF-ADF6-FFF02ADDB15E}"
EndProject
Project("{2150E333-8FDC-42A3-9474-1A3956D46DE8}") = "VPKFILEPROCESSORAPP", "VPKFILEPROCESSORAPP", "{4B6F4BBC-B980-4C7C-A63E-5C53AD292EA6}"
EndProject
Project("{9A19103F-16F7-4668-BE54-9A1E7A4F7556}") = "AZFUNCFILEPROCESSINGADF", "AZFUNCFILEPROCESSINGADF\AZFUNCFILEPROCESSINGADF.csproj", "{793F6104-1745-47A4-A810-71B414B2762A}"
EndProject
Project("{9A19103F-16F7-4668-BE54-9A1E7A4F7556}") = "FILEMANAGEMENTSERVICE.Tests", "VPKFILEPROCESSOR.TESTS\FILEMANAGEMENTSERVICE\FILEMANAGEMENTSERVICE.Tests.csproj", "{1CF02B95-6806-4088-9DB8-DE0F3383BB42}"
EndProject
Global
	GlobalSection(SolutionConfigurationPlatforms) = preSolution
		Debug|Any CPU = Debug|Any CPU
		Release|Any CPU = Release|Any CPU
	EndGlobalSection
	GlobalSection(ProjectConfigurationPlatforms) = postSolution
		{5443CE00-C496-4BBD-8687-859D4A968822}.Debug|Any CPU.ActiveCfg = Debug|Any CPU
		{5443CE00-C496-4BBD-8687-859D4A968822}.Debug|Any CPU.Build.0 = Debug|Any CPU
		{5443CE00-C496-4BBD-8687-859D4A968822}.Release|Any CPU.ActiveCfg = Release|Any CPU
		{5443CE00-C496-4BBD-8687-859D4A968822}.Release|Any CPU.Build.0 = Release|Any CPU
		{CE4B2CB5-6805-45C2-8E93-9F2446885D98}.Debug|Any CPU.ActiveCfg = Debug|Any CPU
		{CE4B2CB5-6805-45C2-8E93-9F2446885D98}.Debug|Any CPU.Build.0 = Debug|Any CPU
		{CE4B2CB5-6805-45C2-8E93-9F2446885D98}.Release|Any CPU.ActiveCfg = Release|Any CPU
		{CE4B2CB5-6805-45C2-8E93-9F2446885D98}.Release|Any CPU.Build.0 = Release|Any CPU
		{AD09EDA1-06D0-4461-8726-2824E5C3BE0A}.Debug|Any CPU.ActiveCfg = Debug|Any CPU
		{AD09EDA1-06D0-4461-8726-2824E5C3BE0A}.Debug|Any CPU.Build.0 = Debug|Any CPU
		{AD09EDA1-06D0-4461-8726-2824E5C3BE0A}.Release|Any CPU.ActiveCfg = Release|Any CPU
		{AD09EDA1-06D0-4461-8726-2824E5C3BE0A}.Release|Any CPU.Build.0 = Release|Any CPU
		{8094F15C-F718-45FF-ADF6-FFF02ADDB15E}.Debug|Any CPU.ActiveCfg = Debug|Any CPU
		{8094F15C-F718-45FF-ADF6-FFF02ADDB15E}.Debug|Any CPU.Build.0 = Debug|Any CPU
		{8094F15C-F718-45FF-ADF6-FFF02ADDB15E}.Release|Any CPU.ActiveCfg = Release|Any CPU
		{8094F15C-F718-45FF-ADF6-FFF02ADDB15E}.Release|Any CPU.Build.0 = Release|Any CPU
		{793F6104-1745-47A4-A810-71B414B2762A}.Debug|Any CPU.ActiveCfg = Debug|Any CPU
		{793F6104-1745-47A4-A810-71B414B2762A}.Debug|Any CPU.Build.0 = Debug|Any CPU
		{793F6104-1745-47A4-A810-71B414B2762A}.Release|Any CPU.ActiveCfg = Release|Any CPU
		{793F6104-1745-47A4-A810-71B414B2762A}.Release|Any CPU.Build.0 = Release|Any CPU
		{1CF02B95-6806-4088-9DB8-DE0F3383BB42}.Debug|Any CPU.ActiveCfg = Debug|Any CPU
		{1CF02B95-6806-4088-9DB8-DE0F3383BB42}.Debug|Any CPU.Build.0 = Debug|Any CPU
		{1CF02B95-6806-4088-9DB8-DE0F3383BB42}.Release|Any CPU.ActiveCfg = Release|Any CPU
		{1CF02B95-6806-4088-9DB8-DE0F3383BB42}.Release|Any CPU.Build.0 = Release|Any CPU
	EndGlobalSection
	GlobalSection(SolutionProperties) = preSolution
		HideSolutionNode = FALSE
	EndGlobalSection
	GlobalSection(NestedProjects) = preSolution
		{1CF02B95-6806-4088-9DB8-DE0F3383BB42} = {4B6F4BBC-B980-4C7C-A63E-5C53AD292EA6}
	EndGlobalSection
	GlobalSection(ExtensibilityGlobals) = postSolution
		SolutionGuid = {2796ED1A-2825-4069-B360-264960FF63DF}
	EndGlobalSection
EndGlobal
